Microsoft Visual Studio Solution File, Format Version 12.00
# Visual Studio 2013
VisualStudioVersion = 12.0.40629.0
MinimumVisualStudioVersion = 10.0.40219.1
Project("{FAE04EC0-301F-11D3-BF4B-00C04F79EFBC}") = "Avalonia.Win32.Merge", "src\Windows\Avalonia.Win32\Avalonia.Win32.Merge.csproj", "{811A76CF-1CF6-440F-963B-BBE31BD72A82}"
EndProject
Project("{FAE04EC0-301F-11D3-BF4B-00C04F79EFBC}") = "Avalonia.Direct2D1.Merge", "src\Windows\Avalonia.Direct2D1\Avalonia.Direct2D1.Merge.csproj", "{3E908F67-5543-4879-A1DC-08EACE79B3CD}"
EndProject
Project("{FAE04EC0-301F-11D3-BF4B-00C04F79EFBC}") = "Avalonia.Designer", "src\Windows\Avalonia.Designer\Avalonia.Designer.csproj", "{EC42600F-049B-43FF-AED1-8314D61B2749}"
EndProject
Project("{FAE04EC0-301F-11D3-BF4B-00C04F79EFBC}") = "Avalonia.Controls.Merge", "src\Avalonia.Controls\Avalonia.Controls.Merge.csproj", "{D2221C82-4A25-4583-9B43-D791E3F6820C}"
EndProject
Project("{FAE04EC0-301F-11D3-BF4B-00C04F79EFBC}") = "Avalonia.Themes.Default.Merge", "src\Avalonia.Themes.Default\Avalonia.Themes.Default.Merge.csproj", "{3E10A5FA-E8DA-48B1-AD44-6A5B6CB7750F}"
EndProject
Project("{FAE04EC0-301F-11D3-BF4B-00C04F79EFBC}") = "Avalonia.Diagnostics.Merge", "src\Avalonia.Diagnostics\Avalonia.Diagnostics.Merge.csproj", "{7062AE20-5DCC-4442-9645-8195BDECE63E}"
EndProject
Project("{2150E333-8FDC-42A3-9474-1A3956D46DE8}") = "Shared", "Shared", "{A689DEF5-D50F-4975-8B72-124C9EB54066}"
	ProjectSection(SolutionItems) = preProject
		src\Shared\SharedAssemblyInfo.cs = src\Shared\SharedAssemblyInfo.cs
	EndProjectSection
EndProject
Project("{D954291E-2A0B-460D-934E-DC6B0785DB48}") = "PlatformSupport", "src\Shared\PlatformSupport\PlatformSupport.shproj", "{E4D9629C-F168-4224-3F51-A5E482FFBC42}"
EndProject
Project("{D954291E-2A0B-460D-934E-DC6B0785DB48}") = "RenderHelpers", "src\Shared\RenderHelpers\RenderHelpers.shproj", "{3C4C0CB4-0C0F-4450-A37B-148C84FF905F}"
EndProject
Project("{FAE04EC0-301F-11D3-BF4B-00C04F79EFBC}") = "Avalonia.Logging.Serilog", "src\Avalonia.Logging.Serilog\Avalonia.Logging.Serilog.csproj", "{B61B66A3-B82D-4875-8001-89D3394FE0C9}"
EndProject
Project("{FAE04EC0-301F-11D3-BF4B-00C04F79EFBC}") = "Avalonia.DesignerSupport", "src\Avalonia.DesignerSupport\Avalonia.DesignerSupport.csproj", "{799A7BB5-3C2C-48B6-85A7-406A12C420DA}"
EndProject
Project("{2150E333-8FDC-42A3-9474-1A3956D46DE8}") = "Base", "Base", "{179736E3-252C-417D-9DC0-8FF07BD30DD3}"
EndProject
Project("{2150E333-8FDC-42A3-9474-1A3956D46DE8}") = "Solution Items", "Solution Items", "{7D091C67-3536-4955-BDE5-9E7510BD5927}"
	ProjectSection(SolutionItems) = preProject
		build.cmd = build.cmd
	EndProjectSection
EndProject
Project("{FAE04EC0-301F-11D3-BF4B-00C04F79EFBC}") = "TestApplicationMerge", "samples\TestApplicationMerge\TestApplicationMerge.csproj", "{122DF42F-DF28-4C0B-AF8F-F5CBA7551ABE}"
EndProject
Project("{FAE04EC0-301F-11D3-BF4B-00C04F79EFBC}") = "Avalonia.ReactiveUI.merge", "src\Avalonia.ReactiveUI\Avalonia.ReactiveUI.merge.csproj", "{B7F1500B-35E6-4EF9-B28E-41C3C851A773}"
EndProject
Project("{2150E333-8FDC-42A3-9474-1A3956D46DE8}") = "Merge", "Merge", "{8B83FE3C-A172-4FA1-AEEA-1A49C46A2F52}"
EndProject
Project("{FAE04EC0-301F-11D3-BF4B-00C04F79EFBC}") = "Avalonia.Markup.Merge", "src\Markup\Avalonia.Markup\Avalonia.Markup.Merge.csproj", "{4EF3BAF8-05BD-4100-9E76-1D6E9326E98F}"
EndProject
Project("{2150E333-8FDC-42A3-9474-1A3956D46DE8}") = "Merge3", "Merge3", "{F18461C1-B7BE-4F69-B1B9-35E00C6841D0}"
EndProject
Project("{FAE04EC0-301F-11D3-BF4B-00C04F79EFBC}") = "Avalonia.Core", "src\Avalonia.Core.csproj", "{877D4D64-A729-4DFF-80E4-EF951B57EB33}"
EndProject
Project("{FAE04EC0-301F-11D3-BF4B-00C04F79EFBC}") = "Avalonia.Markup.Xaml.M", "src\Markup\Avalonia.Markup.Xaml\Avalonia.Markup.Xaml.M.csproj", "{DEA0E3F7-3B50-4827-AA55-1405C35F9808}"
EndProject
Global
	GlobalSection(SharedMSBuildProjectFiles) = preSolution
		src\Shared\PlatformSupport\PlatformSupport.projitems*{e4d9629c-f168-4224-3f51-a5e482ffbc42}*SharedItemsImports = 13
		src\Shared\RenderHelpers\RenderHelpers.projitems*{3c4c0cb4-0c0f-4450-a37b-148c84ff905f}*SharedItemsImports = 13
		src\Shared\PlatformSupport\PlatformSupport.projitems*{811a76cf-1cf6-440f-963b-bbe31bd72a82}*SharedItemsImports = 4
		src\Shared\RenderHelpers\RenderHelpers.projitems*{3e908f67-5543-4879-a1dc-08eace79b3cd}*SharedItemsImports = 4
	EndGlobalSection
	GlobalSection(SolutionConfigurationPlatforms) = preSolution
		Ad-Hoc|Any CPU = Ad-Hoc|Any CPU
		Ad-Hoc|iPhone = Ad-Hoc|iPhone
		Ad-Hoc|iPhoneSimulator = Ad-Hoc|iPhoneSimulator
		Ad-Hoc|x86 = Ad-Hoc|x86
		AppStore|Any CPU = AppStore|Any CPU
		AppStore|iPhone = AppStore|iPhone
		AppStore|iPhoneSimulator = AppStore|iPhoneSimulator
		AppStore|x86 = AppStore|x86
		Debug|Any CPU = Debug|Any CPU
		Debug|iPhone = Debug|iPhone
		Debug|iPhoneSimulator = Debug|iPhoneSimulator
		Debug|x86 = Debug|x86
		Release|Any CPU = Release|Any CPU
		Release|iPhone = Release|iPhone
		Release|iPhoneSimulator = Release|iPhoneSimulator
		Release|x86 = Release|x86
	EndGlobalSection
	GlobalSection(ProjectConfigurationPlatforms) = postSolution
		{811A76CF-1CF6-440F-963B-BBE31BD72A82}.Ad-Hoc|Any CPU.ActiveCfg = Release|Any CPU
		{811A76CF-1CF6-440F-963B-BBE31BD72A82}.Ad-Hoc|Any CPU.Build.0 = Release|Any CPU
		{811A76CF-1CF6-440F-963B-BBE31BD72A82}.Ad-Hoc|iPhone.ActiveCfg = Release|Any CPU
		{811A76CF-1CF6-440F-963B-BBE31BD72A82}.Ad-Hoc|iPhone.Build.0 = Release|Any CPU
		{811A76CF-1CF6-440F-963B-BBE31BD72A82}.Ad-Hoc|iPhoneSimulator.ActiveCfg = Release|Any CPU
		{811A76CF-1CF6-440F-963B-BBE31BD72A82}.Ad-Hoc|iPhoneSimulator.Build.0 = Release|Any CPU
		{811A76CF-1CF6-440F-963B-BBE31BD72A82}.Ad-Hoc|x86.ActiveCfg = Debug|Any CPU
		{811A76CF-1CF6-440F-963B-BBE31BD72A82}.Ad-Hoc|x86.Build.0 = Debug|Any CPU
		{811A76CF-1CF6-440F-963B-BBE31BD72A82}.AppStore|Any CPU.ActiveCfg = Release|Any CPU
		{811A76CF-1CF6-440F-963B-BBE31BD72A82}.AppStore|Any CPU.Build.0 = Release|Any CPU
		{811A76CF-1CF6-440F-963B-BBE31BD72A82}.AppStore|iPhone.ActiveCfg = Release|Any CPU
		{811A76CF-1CF6-440F-963B-BBE31BD72A82}.AppStore|iPhone.Build.0 = Release|Any CPU
		{811A76CF-1CF6-440F-963B-BBE31BD72A82}.AppStore|iPhoneSimulator.ActiveCfg = Release|Any CPU
		{811A76CF-1CF6-440F-963B-BBE31BD72A82}.AppStore|iPhoneSimulator.Build.0 = Release|Any CPU
		{811A76CF-1CF6-440F-963B-BBE31BD72A82}.AppStore|x86.ActiveCfg = Debug|Any CPU
		{811A76CF-1CF6-440F-963B-BBE31BD72A82}.AppStore|x86.Build.0 = Debug|Any CPU
		{811A76CF-1CF6-440F-963B-BBE31BD72A82}.Debug|Any CPU.ActiveCfg = Debug|Any CPU
		{811A76CF-1CF6-440F-963B-BBE31BD72A82}.Debug|Any CPU.Build.0 = Debug|Any CPU
		{811A76CF-1CF6-440F-963B-BBE31BD72A82}.Debug|iPhone.ActiveCfg = Debug|Any CPU
		{811A76CF-1CF6-440F-963B-BBE31BD72A82}.Debug|iPhone.Build.0 = Debug|Any CPU
		{811A76CF-1CF6-440F-963B-BBE31BD72A82}.Debug|iPhoneSimulator.ActiveCfg = Debug|Any CPU
		{811A76CF-1CF6-440F-963B-BBE31BD72A82}.Debug|iPhoneSimulator.Build.0 = Debug|Any CPU
		{811A76CF-1CF6-440F-963B-BBE31BD72A82}.Debug|x86.ActiveCfg = Debug|Any CPU
		{811A76CF-1CF6-440F-963B-BBE31BD72A82}.Debug|x86.Build.0 = Debug|Any CPU
		{811A76CF-1CF6-440F-963B-BBE31BD72A82}.Release|Any CPU.ActiveCfg = Release|Any CPU
		{811A76CF-1CF6-440F-963B-BBE31BD72A82}.Release|Any CPU.Build.0 = Release|Any CPU
		{811A76CF-1CF6-440F-963B-BBE31BD72A82}.Release|iPhone.ActiveCfg = Release|Any CPU
		{811A76CF-1CF6-440F-963B-BBE31BD72A82}.Release|iPhone.Build.0 = Release|Any CPU
		{811A76CF-1CF6-440F-963B-BBE31BD72A82}.Release|iPhoneSimulator.ActiveCfg = Release|Any CPU
		{811A76CF-1CF6-440F-963B-BBE31BD72A82}.Release|iPhoneSimulator.Build.0 = Release|Any CPU
		{811A76CF-1CF6-440F-963B-BBE31BD72A82}.Release|x86.ActiveCfg = Release|Any CPU
		{811A76CF-1CF6-440F-963B-BBE31BD72A82}.Release|x86.Build.0 = Release|Any CPU
		{3E908F67-5543-4879-A1DC-08EACE79B3CD}.Ad-Hoc|Any CPU.ActiveCfg = Release|Any CPU
		{3E908F67-5543-4879-A1DC-08EACE79B3CD}.Ad-Hoc|Any CPU.Build.0 = Release|Any CPU
		{3E908F67-5543-4879-A1DC-08EACE79B3CD}.Ad-Hoc|iPhone.ActiveCfg = Release|Any CPU
		{3E908F67-5543-4879-A1DC-08EACE79B3CD}.Ad-Hoc|iPhone.Build.0 = Release|Any CPU
		{3E908F67-5543-4879-A1DC-08EACE79B3CD}.Ad-Hoc|iPhoneSimulator.ActiveCfg = Release|Any CPU
		{3E908F67-5543-4879-A1DC-08EACE79B3CD}.Ad-Hoc|iPhoneSimulator.Build.0 = Release|Any CPU
		{3E908F67-5543-4879-A1DC-08EACE79B3CD}.Ad-Hoc|x86.ActiveCfg = Debug|Any CPU
		{3E908F67-5543-4879-A1DC-08EACE79B3CD}.Ad-Hoc|x86.Build.0 = Debug|Any CPU
		{3E908F67-5543-4879-A1DC-08EACE79B3CD}.AppStore|Any CPU.ActiveCfg = Release|Any CPU
		{3E908F67-5543-4879-A1DC-08EACE79B3CD}.AppStore|Any CPU.Build.0 = Release|Any CPU
		{3E908F67-5543-4879-A1DC-08EACE79B3CD}.AppStore|iPhone.ActiveCfg = Release|Any CPU
		{3E908F67-5543-4879-A1DC-08EACE79B3CD}.AppStore|iPhone.Build.0 = Release|Any CPU
		{3E908F67-5543-4879-A1DC-08EACE79B3CD}.AppStore|iPhoneSimulator.ActiveCfg = Release|Any CPU
		{3E908F67-5543-4879-A1DC-08EACE79B3CD}.AppStore|iPhoneSimulator.Build.0 = Release|Any CPU
		{3E908F67-5543-4879-A1DC-08EACE79B3CD}.AppStore|x86.ActiveCfg = Debug|Any CPU
		{3E908F67-5543-4879-A1DC-08EACE79B3CD}.AppStore|x86.Build.0 = Debug|Any CPU
		{3E908F67-5543-4879-A1DC-08EACE79B3CD}.Debug|Any CPU.ActiveCfg = Debug|Any CPU
		{3E908F67-5543-4879-A1DC-08EACE79B3CD}.Debug|Any CPU.Build.0 = Debug|Any CPU
		{3E908F67-5543-4879-A1DC-08EACE79B3CD}.Debug|iPhone.ActiveCfg = Debug|Any CPU
		{3E908F67-5543-4879-A1DC-08EACE79B3CD}.Debug|iPhone.Build.0 = Debug|Any CPU
		{3E908F67-5543-4879-A1DC-08EACE79B3CD}.Debug|iPhoneSimulator.ActiveCfg = Debug|Any CPU
		{3E908F67-5543-4879-A1DC-08EACE79B3CD}.Debug|iPhoneSimulator.Build.0 = Debug|Any CPU
		{3E908F67-5543-4879-A1DC-08EACE79B3CD}.Debug|x86.ActiveCfg = Debug|Any CPU
		{3E908F67-5543-4879-A1DC-08EACE79B3CD}.Debug|x86.Build.0 = Debug|Any CPU
		{3E908F67-5543-4879-A1DC-08EACE79B3CD}.Release|Any CPU.ActiveCfg = Release|Any CPU
		{3E908F67-5543-4879-A1DC-08EACE79B3CD}.Release|Any CPU.Build.0 = Release|Any CPU
		{3E908F67-5543-4879-A1DC-08EACE79B3CD}.Release|iPhone.ActiveCfg = Release|Any CPU
		{3E908F67-5543-4879-A1DC-08EACE79B3CD}.Release|iPhone.Build.0 = Release|Any CPU
		{3E908F67-5543-4879-A1DC-08EACE79B3CD}.Release|iPhoneSimulator.ActiveCfg = Release|Any CPU
		{3E908F67-5543-4879-A1DC-08EACE79B3CD}.Release|iPhoneSimulator.Build.0 = Release|Any CPU
		{3E908F67-5543-4879-A1DC-08EACE79B3CD}.Release|x86.ActiveCfg = Release|Any CPU
		{3E908F67-5543-4879-A1DC-08EACE79B3CD}.Release|x86.Build.0 = Release|Any CPU
		{EC42600F-049B-43FF-AED1-8314D61B2749}.Ad-Hoc|Any CPU.ActiveCfg = Release|Any CPU
		{EC42600F-049B-43FF-AED1-8314D61B2749}.Ad-Hoc|Any CPU.Build.0 = Release|Any CPU
		{EC42600F-049B-43FF-AED1-8314D61B2749}.Ad-Hoc|iPhone.ActiveCfg = Release|Any CPU
		{EC42600F-049B-43FF-AED1-8314D61B2749}.Ad-Hoc|iPhone.Build.0 = Release|Any CPU
		{EC42600F-049B-43FF-AED1-8314D61B2749}.Ad-Hoc|iPhoneSimulator.ActiveCfg = Release|Any CPU
		{EC42600F-049B-43FF-AED1-8314D61B2749}.Ad-Hoc|iPhoneSimulator.Build.0 = Release|Any CPU
		{EC42600F-049B-43FF-AED1-8314D61B2749}.Ad-Hoc|x86.ActiveCfg = Debug|Any CPU
		{EC42600F-049B-43FF-AED1-8314D61B2749}.AppStore|Any CPU.ActiveCfg = Release|Any CPU
		{EC42600F-049B-43FF-AED1-8314D61B2749}.AppStore|Any CPU.Build.0 = Release|Any CPU
		{EC42600F-049B-43FF-AED1-8314D61B2749}.AppStore|iPhone.ActiveCfg = Release|Any CPU
		{EC42600F-049B-43FF-AED1-8314D61B2749}.AppStore|iPhone.Build.0 = Release|Any CPU
		{EC42600F-049B-43FF-AED1-8314D61B2749}.AppStore|iPhoneSimulator.ActiveCfg = Release|Any CPU
		{EC42600F-049B-43FF-AED1-8314D61B2749}.AppStore|iPhoneSimulator.Build.0 = Release|Any CPU
		{EC42600F-049B-43FF-AED1-8314D61B2749}.AppStore|x86.ActiveCfg = Debug|Any CPU
		{EC42600F-049B-43FF-AED1-8314D61B2749}.Debug|Any CPU.ActiveCfg = Debug|Any CPU
		{EC42600F-049B-43FF-AED1-8314D61B2749}.Debug|Any CPU.Build.0 = Debug|Any CPU
		{EC42600F-049B-43FF-AED1-8314D61B2749}.Debug|iPhone.ActiveCfg = Debug|Any CPU
		{EC42600F-049B-43FF-AED1-8314D61B2749}.Debug|iPhone.Build.0 = Debug|Any CPU
		{EC42600F-049B-43FF-AED1-8314D61B2749}.Debug|iPhoneSimulator.ActiveCfg = Debug|Any CPU
		{EC42600F-049B-43FF-AED1-8314D61B2749}.Debug|iPhoneSimulator.Build.0 = Debug|Any CPU
		{EC42600F-049B-43FF-AED1-8314D61B2749}.Debug|x86.ActiveCfg = Debug|Any CPU
		{EC42600F-049B-43FF-AED1-8314D61B2749}.Release|Any CPU.ActiveCfg = Release|Any CPU
		{EC42600F-049B-43FF-AED1-8314D61B2749}.Release|Any CPU.Build.0 = Release|Any CPU
		{EC42600F-049B-43FF-AED1-8314D61B2749}.Release|iPhone.ActiveCfg = Release|Any CPU
		{EC42600F-049B-43FF-AED1-8314D61B2749}.Release|iPhone.Build.0 = Release|Any CPU
		{EC42600F-049B-43FF-AED1-8314D61B2749}.Release|iPhoneSimulator.ActiveCfg = Release|Any CPU
		{EC42600F-049B-43FF-AED1-8314D61B2749}.Release|iPhoneSimulator.Build.0 = Release|Any CPU
		{EC42600F-049B-43FF-AED1-8314D61B2749}.Release|x86.ActiveCfg = Release|Any CPU
		{D2221C82-4A25-4583-9B43-D791E3F6820C}.Ad-Hoc|Any CPU.ActiveCfg = Release|Any CPU
		{D2221C82-4A25-4583-9B43-D791E3F6820C}.Ad-Hoc|Any CPU.Build.0 = Release|Any CPU
		{D2221C82-4A25-4583-9B43-D791E3F6820C}.Ad-Hoc|iPhone.ActiveCfg = Release|Any CPU
		{D2221C82-4A25-4583-9B43-D791E3F6820C}.Ad-Hoc|iPhone.Build.0 = Release|Any CPU
		{D2221C82-4A25-4583-9B43-D791E3F6820C}.Ad-Hoc|iPhoneSimulator.ActiveCfg = Release|Any CPU
		{D2221C82-4A25-4583-9B43-D791E3F6820C}.Ad-Hoc|iPhoneSimulator.Build.0 = Release|Any CPU
		{D2221C82-4A25-4583-9B43-D791E3F6820C}.Ad-Hoc|x86.ActiveCfg = Debug|Any CPU
		{D2221C82-4A25-4583-9B43-D791E3F6820C}.Ad-Hoc|x86.Build.0 = Debug|Any CPU
		{D2221C82-4A25-4583-9B43-D791E3F6820C}.AppStore|Any CPU.ActiveCfg = Release|Any CPU
		{D2221C82-4A25-4583-9B43-D791E3F6820C}.AppStore|Any CPU.Build.0 = Release|Any CPU
		{D2221C82-4A25-4583-9B43-D791E3F6820C}.AppStore|iPhone.ActiveCfg = Release|Any CPU
		{D2221C82-4A25-4583-9B43-D791E3F6820C}.AppStore|iPhone.Build.0 = Release|Any CPU
		{D2221C82-4A25-4583-9B43-D791E3F6820C}.AppStore|iPhoneSimulator.ActiveCfg = Release|Any CPU
		{D2221C82-4A25-4583-9B43-D791E3F6820C}.AppStore|iPhoneSimulator.Build.0 = Release|Any CPU
		{D2221C82-4A25-4583-9B43-D791E3F6820C}.AppStore|x86.ActiveCfg = Debug|Any CPU
		{D2221C82-4A25-4583-9B43-D791E3F6820C}.AppStore|x86.Build.0 = Debug|Any CPU
		{D2221C82-4A25-4583-9B43-D791E3F6820C}.Debug|Any CPU.ActiveCfg = Debug|Any CPU
		{D2221C82-4A25-4583-9B43-D791E3F6820C}.Debug|Any CPU.Build.0 = Debug|Any CPU
		{D2221C82-4A25-4583-9B43-D791E3F6820C}.Debug|iPhone.ActiveCfg = Debug|Any CPU
		{D2221C82-4A25-4583-9B43-D791E3F6820C}.Debug|iPhone.Build.0 = Debug|Any CPU
		{D2221C82-4A25-4583-9B43-D791E3F6820C}.Debug|iPhoneSimulator.ActiveCfg = Debug|Any CPU
		{D2221C82-4A25-4583-9B43-D791E3F6820C}.Debug|iPhoneSimulator.Build.0 = Debug|Any CPU
		{D2221C82-4A25-4583-9B43-D791E3F6820C}.Debug|x86.ActiveCfg = Debug|Any CPU
		{D2221C82-4A25-4583-9B43-D791E3F6820C}.Debug|x86.Build.0 = Debug|Any CPU
		{D2221C82-4A25-4583-9B43-D791E3F6820C}.Release|Any CPU.ActiveCfg = Release|Any CPU
		{D2221C82-4A25-4583-9B43-D791E3F6820C}.Release|Any CPU.Build.0 = Release|Any CPU
		{D2221C82-4A25-4583-9B43-D791E3F6820C}.Release|iPhone.ActiveCfg = Release|Any CPU
		{D2221C82-4A25-4583-9B43-D791E3F6820C}.Release|iPhone.Build.0 = Release|Any CPU
		{D2221C82-4A25-4583-9B43-D791E3F6820C}.Release|iPhoneSimulator.ActiveCfg = Release|Any CPU
		{D2221C82-4A25-4583-9B43-D791E3F6820C}.Release|iPhoneSimulator.Build.0 = Release|Any CPU
		{D2221C82-4A25-4583-9B43-D791E3F6820C}.Release|x86.ActiveCfg = Release|Any CPU
		{D2221C82-4A25-4583-9B43-D791E3F6820C}.Release|x86.Build.0 = Release|Any CPU
		{3E10A5FA-E8DA-48B1-AD44-6A5B6CB7750F}.Ad-Hoc|Any CPU.ActiveCfg = Release|Any CPU
		{3E10A5FA-E8DA-48B1-AD44-6A5B6CB7750F}.Ad-Hoc|Any CPU.Build.0 = Release|Any CPU
		{3E10A5FA-E8DA-48B1-AD44-6A5B6CB7750F}.Ad-Hoc|iPhone.ActiveCfg = Release|Any CPU
		{3E10A5FA-E8DA-48B1-AD44-6A5B6CB7750F}.Ad-Hoc|iPhone.Build.0 = Release|Any CPU
		{3E10A5FA-E8DA-48B1-AD44-6A5B6CB7750F}.Ad-Hoc|iPhoneSimulator.ActiveCfg = Release|Any CPU
		{3E10A5FA-E8DA-48B1-AD44-6A5B6CB7750F}.Ad-Hoc|iPhoneSimulator.Build.0 = Release|Any CPU
		{3E10A5FA-E8DA-48B1-AD44-6A5B6CB7750F}.Ad-Hoc|x86.ActiveCfg = Debug|Any CPU
		{3E10A5FA-E8DA-48B1-AD44-6A5B6CB7750F}.Ad-Hoc|x86.Build.0 = Debug|Any CPU
		{3E10A5FA-E8DA-48B1-AD44-6A5B6CB7750F}.AppStore|Any CPU.ActiveCfg = Release|Any CPU
		{3E10A5FA-E8DA-48B1-AD44-6A5B6CB7750F}.AppStore|Any CPU.Build.0 = Release|Any CPU
		{3E10A5FA-E8DA-48B1-AD44-6A5B6CB7750F}.AppStore|iPhone.ActiveCfg = Release|Any CPU
		{3E10A5FA-E8DA-48B1-AD44-6A5B6CB7750F}.AppStore|iPhone.Build.0 = Release|Any CPU
		{3E10A5FA-E8DA-48B1-AD44-6A5B6CB7750F}.AppStore|iPhoneSimulator.ActiveCfg = Release|Any CPU
		{3E10A5FA-E8DA-48B1-AD44-6A5B6CB7750F}.AppStore|iPhoneSimulator.Build.0 = Release|Any CPU
		{3E10A5FA-E8DA-48B1-AD44-6A5B6CB7750F}.AppStore|x86.ActiveCfg = Debug|Any CPU
		{3E10A5FA-E8DA-48B1-AD44-6A5B6CB7750F}.AppStore|x86.Build.0 = Debug|Any CPU
		{3E10A5FA-E8DA-48B1-AD44-6A5B6CB7750F}.Debug|Any CPU.ActiveCfg = Debug|Any CPU
		{3E10A5FA-E8DA-48B1-AD44-6A5B6CB7750F}.Debug|Any CPU.Build.0 = Debug|Any CPU
		{3E10A5FA-E8DA-48B1-AD44-6A5B6CB7750F}.Debug|iPhone.ActiveCfg = Debug|Any CPU
		{3E10A5FA-E8DA-48B1-AD44-6A5B6CB7750F}.Debug|iPhone.Build.0 = Debug|Any CPU
		{3E10A5FA-E8DA-48B1-AD44-6A5B6CB7750F}.Debug|iPhoneSimulator.ActiveCfg = Debug|Any CPU
		{3E10A5FA-E8DA-48B1-AD44-6A5B6CB7750F}.Debug|iPhoneSimulator.Build.0 = Debug|Any CPU
		{3E10A5FA-E8DA-48B1-AD44-6A5B6CB7750F}.Debug|x86.ActiveCfg = Debug|Any CPU
		{3E10A5FA-E8DA-48B1-AD44-6A5B6CB7750F}.Debug|x86.Build.0 = Debug|Any CPU
		{3E10A5FA-E8DA-48B1-AD44-6A5B6CB7750F}.Release|Any CPU.ActiveCfg = Release|Any CPU
		{3E10A5FA-E8DA-48B1-AD44-6A5B6CB7750F}.Release|Any CPU.Build.0 = Release|Any CPU
		{3E10A5FA-E8DA-48B1-AD44-6A5B6CB7750F}.Release|iPhone.ActiveCfg = Release|Any CPU
		{3E10A5FA-E8DA-48B1-AD44-6A5B6CB7750F}.Release|iPhone.Build.0 = Release|Any CPU
		{3E10A5FA-E8DA-48B1-AD44-6A5B6CB7750F}.Release|iPhoneSimulator.ActiveCfg = Release|Any CPU
		{3E10A5FA-E8DA-48B1-AD44-6A5B6CB7750F}.Release|iPhoneSimulator.Build.0 = Release|Any CPU
		{3E10A5FA-E8DA-48B1-AD44-6A5B6CB7750F}.Release|x86.ActiveCfg = Release|Any CPU
		{3E10A5FA-E8DA-48B1-AD44-6A5B6CB7750F}.Release|x86.Build.0 = Release|Any CPU
		{7062AE20-5DCC-4442-9645-8195BDECE63E}.Ad-Hoc|Any CPU.ActiveCfg = Release|Any CPU
		{7062AE20-5DCC-4442-9645-8195BDECE63E}.Ad-Hoc|Any CPU.Build.0 = Release|Any CPU
		{7062AE20-5DCC-4442-9645-8195BDECE63E}.Ad-Hoc|iPhone.ActiveCfg = Release|Any CPU
		{7062AE20-5DCC-4442-9645-8195BDECE63E}.Ad-Hoc|iPhone.Build.0 = Release|Any CPU
		{7062AE20-5DCC-4442-9645-8195BDECE63E}.Ad-Hoc|iPhoneSimulator.ActiveCfg = Release|Any CPU
		{7062AE20-5DCC-4442-9645-8195BDECE63E}.Ad-Hoc|iPhoneSimulator.Build.0 = Release|Any CPU
		{7062AE20-5DCC-4442-9645-8195BDECE63E}.Ad-Hoc|x86.ActiveCfg = Debug|Any CPU
		{7062AE20-5DCC-4442-9645-8195BDECE63E}.Ad-Hoc|x86.Build.0 = Debug|Any CPU
		{7062AE20-5DCC-4442-9645-8195BDECE63E}.AppStore|Any CPU.ActiveCfg = Release|Any CPU
		{7062AE20-5DCC-4442-9645-8195BDECE63E}.AppStore|Any CPU.Build.0 = Release|Any CPU
		{7062AE20-5DCC-4442-9645-8195BDECE63E}.AppStore|iPhone.ActiveCfg = Release|Any CPU
		{7062AE20-5DCC-4442-9645-8195BDECE63E}.AppStore|iPhone.Build.0 = Release|Any CPU
		{7062AE20-5DCC-4442-9645-8195BDECE63E}.AppStore|iPhoneSimulator.ActiveCfg = Release|Any CPU
		{7062AE20-5DCC-4442-9645-8195BDECE63E}.AppStore|iPhoneSimulator.Build.0 = Release|Any CPU
		{7062AE20-5DCC-4442-9645-8195BDECE63E}.AppStore|x86.ActiveCfg = Debug|Any CPU
		{7062AE20-5DCC-4442-9645-8195BDECE63E}.AppStore|x86.Build.0 = Debug|Any CPU
		{7062AE20-5DCC-4442-9645-8195BDECE63E}.Debug|Any CPU.ActiveCfg = Debug|Any CPU
		{7062AE20-5DCC-4442-9645-8195BDECE63E}.Debug|Any CPU.Build.0 = Debug|Any CPU
		{7062AE20-5DCC-4442-9645-8195BDECE63E}.Debug|iPhone.ActiveCfg = Debug|Any CPU
		{7062AE20-5DCC-4442-9645-8195BDECE63E}.Debug|iPhone.Build.0 = Debug|Any CPU
		{7062AE20-5DCC-4442-9645-8195BDECE63E}.Debug|iPhoneSimulator.ActiveCfg = Debug|Any CPU
		{7062AE20-5DCC-4442-9645-8195BDECE63E}.Debug|iPhoneSimulator.Build.0 = Debug|Any CPU
		{7062AE20-5DCC-4442-9645-8195BDECE63E}.Debug|x86.ActiveCfg = Debug|Any CPU
		{7062AE20-5DCC-4442-9645-8195BDECE63E}.Debug|x86.Build.0 = Debug|Any CPU
		{7062AE20-5DCC-4442-9645-8195BDECE63E}.Release|Any CPU.ActiveCfg = Release|Any CPU
		{7062AE20-5DCC-4442-9645-8195BDECE63E}.Release|Any CPU.Build.0 = Release|Any CPU
		{7062AE20-5DCC-4442-9645-8195BDECE63E}.Release|iPhone.ActiveCfg = Release|Any CPU
		{7062AE20-5DCC-4442-9645-8195BDECE63E}.Release|iPhone.Build.0 = Release|Any CPU
		{7062AE20-5DCC-4442-9645-8195BDECE63E}.Release|iPhoneSimulator.ActiveCfg = Release|Any CPU
		{7062AE20-5DCC-4442-9645-8195BDECE63E}.Release|iPhoneSimulator.Build.0 = Release|Any CPU
		{7062AE20-5DCC-4442-9645-8195BDECE63E}.Release|x86.ActiveCfg = Release|Any CPU
		{7062AE20-5DCC-4442-9645-8195BDECE63E}.Release|x86.Build.0 = Release|Any CPU
		{E4D9629C-F168-4224-3F51-A5E482FFBC42}.Ad-Hoc|Any CPU.ActiveCfg = Debug|Any CPU
		{E4D9629C-F168-4224-3F51-A5E482FFBC42}.Ad-Hoc|iPhone.ActiveCfg = Debug|Any CPU
		{E4D9629C-F168-4224-3F51-A5E482FFBC42}.Ad-Hoc|iPhoneSimulator.ActiveCfg = Debug|Any CPU
		{E4D9629C-F168-4224-3F51-A5E482FFBC42}.Ad-Hoc|x86.ActiveCfg = Debug|Any CPU
		{E4D9629C-F168-4224-3F51-A5E482FFBC42}.AppStore|Any CPU.ActiveCfg = Debug|Any CPU
		{E4D9629C-F168-4224-3F51-A5E482FFBC42}.AppStore|iPhone.ActiveCfg = Debug|Any CPU
		{E4D9629C-F168-4224-3F51-A5E482FFBC42}.AppStore|iPhoneSimulator.ActiveCfg = Debug|Any CPU
		{E4D9629C-F168-4224-3F51-A5E482FFBC42}.AppStore|x86.ActiveCfg = Debug|Any CPU
		{E4D9629C-F168-4224-3F51-A5E482FFBC42}.Debug|Any CPU.ActiveCfg = Debug|Any CPU
		{E4D9629C-F168-4224-3F51-A5E482FFBC42}.Debug|iPhone.ActiveCfg = Debug|Any CPU
		{E4D9629C-F168-4224-3F51-A5E482FFBC42}.Debug|iPhoneSimulator.ActiveCfg = Debug|Any CPU
		{E4D9629C-F168-4224-3F51-A5E482FFBC42}.Debug|x86.ActiveCfg = Debug|Any CPU
		{E4D9629C-F168-4224-3F51-A5E482FFBC42}.Release|Any CPU.ActiveCfg = Release|Any CPU
		{E4D9629C-F168-4224-3F51-A5E482FFBC42}.Release|iPhone.ActiveCfg = Release|Any CPU
		{E4D9629C-F168-4224-3F51-A5E482FFBC42}.Release|iPhoneSimulator.ActiveCfg = Release|Any CPU
		{E4D9629C-F168-4224-3F51-A5E482FFBC42}.Release|x86.ActiveCfg = Release|Any CPU
		{3C4C0CB4-0C0F-4450-A37B-148C84FF905F}.Ad-Hoc|Any CPU.ActiveCfg = Debug|Any CPU
		{3C4C0CB4-0C0F-4450-A37B-148C84FF905F}.Ad-Hoc|iPhone.ActiveCfg = Debug|Any CPU
		{3C4C0CB4-0C0F-4450-A37B-148C84FF905F}.Ad-Hoc|iPhoneSimulator.ActiveCfg = Debug|Any CPU
		{3C4C0CB4-0C0F-4450-A37B-148C84FF905F}.Ad-Hoc|x86.ActiveCfg = Debug|Any CPU
		{3C4C0CB4-0C0F-4450-A37B-148C84FF905F}.AppStore|Any CPU.ActiveCfg = Debug|Any CPU
		{3C4C0CB4-0C0F-4450-A37B-148C84FF905F}.AppStore|iPhone.ActiveCfg = Debug|Any CPU
		{3C4C0CB4-0C0F-4450-A37B-148C84FF905F}.AppStore|iPhoneSimulator.ActiveCfg = Debug|Any CPU
		{3C4C0CB4-0C0F-4450-A37B-148C84FF905F}.AppStore|x86.ActiveCfg = Debug|Any CPU
		{3C4C0CB4-0C0F-4450-A37B-148C84FF905F}.Debug|Any CPU.ActiveCfg = Debug|Any CPU
		{3C4C0CB4-0C0F-4450-A37B-148C84FF905F}.Debug|iPhone.ActiveCfg = Debug|Any CPU
		{3C4C0CB4-0C0F-4450-A37B-148C84FF905F}.Debug|iPhoneSimulator.ActiveCfg = Debug|Any CPU
		{3C4C0CB4-0C0F-4450-A37B-148C84FF905F}.Debug|x86.ActiveCfg = Debug|Any CPU
		{3C4C0CB4-0C0F-4450-A37B-148C84FF905F}.Release|Any CPU.ActiveCfg = Release|Any CPU
		{3C4C0CB4-0C0F-4450-A37B-148C84FF905F}.Release|iPhone.ActiveCfg = Release|Any CPU
		{3C4C0CB4-0C0F-4450-A37B-148C84FF905F}.Release|iPhoneSimulator.ActiveCfg = Release|Any CPU
		{3C4C0CB4-0C0F-4450-A37B-148C84FF905F}.Release|x86.ActiveCfg = Release|Any CPU
		{B61B66A3-B82D-4875-8001-89D3394FE0C9}.Ad-Hoc|Any CPU.ActiveCfg = Release|Any CPU
		{B61B66A3-B82D-4875-8001-89D3394FE0C9}.Ad-Hoc|Any CPU.Build.0 = Release|Any CPU
		{B61B66A3-B82D-4875-8001-89D3394FE0C9}.Ad-Hoc|iPhone.ActiveCfg = Release|Any CPU
		{B61B66A3-B82D-4875-8001-89D3394FE0C9}.Ad-Hoc|iPhone.Build.0 = Release|Any CPU
		{B61B66A3-B82D-4875-8001-89D3394FE0C9}.Ad-Hoc|iPhoneSimulator.ActiveCfg = Release|Any CPU
		{B61B66A3-B82D-4875-8001-89D3394FE0C9}.Ad-Hoc|iPhoneSimulator.Build.0 = Release|Any CPU
		{B61B66A3-B82D-4875-8001-89D3394FE0C9}.Ad-Hoc|x86.ActiveCfg = Debug|Any CPU
		{B61B66A3-B82D-4875-8001-89D3394FE0C9}.Ad-Hoc|x86.Build.0 = Debug|Any CPU
		{B61B66A3-B82D-4875-8001-89D3394FE0C9}.AppStore|Any CPU.ActiveCfg = Release|Any CPU
		{B61B66A3-B82D-4875-8001-89D3394FE0C9}.AppStore|Any CPU.Build.0 = Release|Any CPU
		{B61B66A3-B82D-4875-8001-89D3394FE0C9}.AppStore|iPhone.ActiveCfg = Release|Any CPU
		{B61B66A3-B82D-4875-8001-89D3394FE0C9}.AppStore|iPhone.Build.0 = Release|Any CPU
		{B61B66A3-B82D-4875-8001-89D3394FE0C9}.AppStore|iPhoneSimulator.ActiveCfg = Release|Any CPU
		{B61B66A3-B82D-4875-8001-89D3394FE0C9}.AppStore|iPhoneSimulator.Build.0 = Release|Any CPU
		{B61B66A3-B82D-4875-8001-89D3394FE0C9}.AppStore|x86.ActiveCfg = Debug|Any CPU
		{B61B66A3-B82D-4875-8001-89D3394FE0C9}.AppStore|x86.Build.0 = Debug|Any CPU
		{B61B66A3-B82D-4875-8001-89D3394FE0C9}.Debug|Any CPU.ActiveCfg = Debug|Any CPU
		{B61B66A3-B82D-4875-8001-89D3394FE0C9}.Debug|Any CPU.Build.0 = Debug|Any CPU
		{B61B66A3-B82D-4875-8001-89D3394FE0C9}.Debug|iPhone.ActiveCfg = Debug|Any CPU
		{B61B66A3-B82D-4875-8001-89D3394FE0C9}.Debug|iPhone.Build.0 = Debug|Any CPU
		{B61B66A3-B82D-4875-8001-89D3394FE0C9}.Debug|iPhoneSimulator.ActiveCfg = Debug|Any CPU
		{B61B66A3-B82D-4875-8001-89D3394FE0C9}.Debug|iPhoneSimulator.Build.0 = Debug|Any CPU
		{B61B66A3-B82D-4875-8001-89D3394FE0C9}.Debug|x86.ActiveCfg = Debug|Any CPU
		{B61B66A3-B82D-4875-8001-89D3394FE0C9}.Debug|x86.Build.0 = Debug|Any CPU
		{B61B66A3-B82D-4875-8001-89D3394FE0C9}.Release|Any CPU.ActiveCfg = Release|Any CPU
		{B61B66A3-B82D-4875-8001-89D3394FE0C9}.Release|Any CPU.Build.0 = Release|Any CPU
		{B61B66A3-B82D-4875-8001-89D3394FE0C9}.Release|iPhone.ActiveCfg = Release|Any CPU
		{B61B66A3-B82D-4875-8001-89D3394FE0C9}.Release|iPhone.Build.0 = Release|Any CPU
		{B61B66A3-B82D-4875-8001-89D3394FE0C9}.Release|iPhoneSimulator.ActiveCfg = Release|Any CPU
		{B61B66A3-B82D-4875-8001-89D3394FE0C9}.Release|iPhoneSimulator.Build.0 = Release|Any CPU
		{B61B66A3-B82D-4875-8001-89D3394FE0C9}.Release|x86.ActiveCfg = Release|Any CPU
		{B61B66A3-B82D-4875-8001-89D3394FE0C9}.Release|x86.Build.0 = Release|Any CPU
		{799A7BB5-3C2C-48B6-85A7-406A12C420DA}.Ad-Hoc|Any CPU.ActiveCfg = Release|Any CPU
		{799A7BB5-3C2C-48B6-85A7-406A12C420DA}.Ad-Hoc|Any CPU.Build.0 = Release|Any CPU
		{799A7BB5-3C2C-48B6-85A7-406A12C420DA}.Ad-Hoc|iPhone.ActiveCfg = Release|Any CPU
		{799A7BB5-3C2C-48B6-85A7-406A12C420DA}.Ad-Hoc|iPhone.Build.0 = Release|Any CPU
		{799A7BB5-3C2C-48B6-85A7-406A12C420DA}.Ad-Hoc|iPhoneSimulator.ActiveCfg = Release|Any CPU
		{799A7BB5-3C2C-48B6-85A7-406A12C420DA}.Ad-Hoc|iPhoneSimulator.Build.0 = Release|Any CPU
		{799A7BB5-3C2C-48B6-85A7-406A12C420DA}.Ad-Hoc|x86.ActiveCfg = Debug|Any CPU
		{799A7BB5-3C2C-48B6-85A7-406A12C420DA}.Ad-Hoc|x86.Build.0 = Debug|Any CPU
		{799A7BB5-3C2C-48B6-85A7-406A12C420DA}.AppStore|Any CPU.ActiveCfg = Release|Any CPU
		{799A7BB5-3C2C-48B6-85A7-406A12C420DA}.AppStore|Any CPU.Build.0 = Release|Any CPU
		{799A7BB5-3C2C-48B6-85A7-406A12C420DA}.AppStore|iPhone.ActiveCfg = Release|Any CPU
		{799A7BB5-3C2C-48B6-85A7-406A12C420DA}.AppStore|iPhone.Build.0 = Release|Any CPU
		{799A7BB5-3C2C-48B6-85A7-406A12C420DA}.AppStore|iPhoneSimulator.ActiveCfg = Release|Any CPU
		{799A7BB5-3C2C-48B6-85A7-406A12C420DA}.AppStore|iPhoneSimulator.Build.0 = Release|Any CPU
		{799A7BB5-3C2C-48B6-85A7-406A12C420DA}.AppStore|x86.ActiveCfg = Debug|Any CPU
		{799A7BB5-3C2C-48B6-85A7-406A12C420DA}.AppStore|x86.Build.0 = Debug|Any CPU
		{799A7BB5-3C2C-48B6-85A7-406A12C420DA}.Debug|Any CPU.ActiveCfg = Debug|Any CPU
		{799A7BB5-3C2C-48B6-85A7-406A12C420DA}.Debug|Any CPU.Build.0 = Debug|Any CPU
		{799A7BB5-3C2C-48B6-85A7-406A12C420DA}.Debug|iPhone.ActiveCfg = Debug|Any CPU
		{799A7BB5-3C2C-48B6-85A7-406A12C420DA}.Debug|iPhone.Build.0 = Debug|Any CPU
		{799A7BB5-3C2C-48B6-85A7-406A12C420DA}.Debug|iPhoneSimulator.ActiveCfg = Debug|Any CPU
		{799A7BB5-3C2C-48B6-85A7-406A12C420DA}.Debug|iPhoneSimulator.Build.0 = Debug|Any CPU
		{799A7BB5-3C2C-48B6-85A7-406A12C420DA}.Debug|x86.ActiveCfg = Debug|Any CPU
		{799A7BB5-3C2C-48B6-85A7-406A12C420DA}.Debug|x86.Build.0 = Debug|Any CPU
		{799A7BB5-3C2C-48B6-85A7-406A12C420DA}.Release|Any CPU.ActiveCfg = Release|Any CPU
		{799A7BB5-3C2C-48B6-85A7-406A12C420DA}.Release|Any CPU.Build.0 = Release|Any CPU
		{799A7BB5-3C2C-48B6-85A7-406A12C420DA}.Release|iPhone.ActiveCfg = Release|Any CPU
		{799A7BB5-3C2C-48B6-85A7-406A12C420DA}.Release|iPhone.Build.0 = Release|Any CPU
		{799A7BB5-3C2C-48B6-85A7-406A12C420DA}.Release|iPhoneSimulator.ActiveCfg = Release|Any CPU
		{799A7BB5-3C2C-48B6-85A7-406A12C420DA}.Release|iPhoneSimulator.Build.0 = Release|Any CPU
		{799A7BB5-3C2C-48B6-85A7-406A12C420DA}.Release|x86.ActiveCfg = Release|Any CPU
		{799A7BB5-3C2C-48B6-85A7-406A12C420DA}.Release|x86.Build.0 = Release|Any CPU
		{122DF42F-DF28-4C0B-AF8F-F5CBA7551ABE}.Ad-Hoc|Any CPU.ActiveCfg = Debug|Any CPU
		{122DF42F-DF28-4C0B-AF8F-F5CBA7551ABE}.Ad-Hoc|Any CPU.Build.0 = Debug|Any CPU
		{122DF42F-DF28-4C0B-AF8F-F5CBA7551ABE}.Ad-Hoc|iPhone.ActiveCfg = Debug|Any CPU
		{122DF42F-DF28-4C0B-AF8F-F5CBA7551ABE}.Ad-Hoc|iPhone.Build.0 = Debug|Any CPU
		{122DF42F-DF28-4C0B-AF8F-F5CBA7551ABE}.Ad-Hoc|iPhoneSimulator.ActiveCfg = Debug|Any CPU
		{122DF42F-DF28-4C0B-AF8F-F5CBA7551ABE}.Ad-Hoc|iPhoneSimulator.Build.0 = Debug|Any CPU
		{122DF42F-DF28-4C0B-AF8F-F5CBA7551ABE}.Ad-Hoc|x86.ActiveCfg = Debug|Any CPU
		{122DF42F-DF28-4C0B-AF8F-F5CBA7551ABE}.Ad-Hoc|x86.Build.0 = Debug|Any CPU
		{122DF42F-DF28-4C0B-AF8F-F5CBA7551ABE}.AppStore|Any CPU.ActiveCfg = Debug|Any CPU
		{122DF42F-DF28-4C0B-AF8F-F5CBA7551ABE}.AppStore|Any CPU.Build.0 = Debug|Any CPU
		{122DF42F-DF28-4C0B-AF8F-F5CBA7551ABE}.AppStore|iPhone.ActiveCfg = Debug|Any CPU
		{122DF42F-DF28-4C0B-AF8F-F5CBA7551ABE}.AppStore|iPhone.Build.0 = Debug|Any CPU
		{122DF42F-DF28-4C0B-AF8F-F5CBA7551ABE}.AppStore|iPhoneSimulator.ActiveCfg = Debug|Any CPU
		{122DF42F-DF28-4C0B-AF8F-F5CBA7551ABE}.AppStore|iPhoneSimulator.Build.0 = Debug|Any CPU
		{122DF42F-DF28-4C0B-AF8F-F5CBA7551ABE}.AppStore|x86.ActiveCfg = Debug|Any CPU
		{122DF42F-DF28-4C0B-AF8F-F5CBA7551ABE}.AppStore|x86.Build.0 = Debug|Any CPU
		{122DF42F-DF28-4C0B-AF8F-F5CBA7551ABE}.Debug|Any CPU.ActiveCfg = Debug|Any CPU
		{122DF42F-DF28-4C0B-AF8F-F5CBA7551ABE}.Debug|Any CPU.Build.0 = Debug|Any CPU
		{122DF42F-DF28-4C0B-AF8F-F5CBA7551ABE}.Debug|iPhone.ActiveCfg = Debug|Any CPU
		{122DF42F-DF28-4C0B-AF8F-F5CBA7551ABE}.Debug|iPhone.Build.0 = Debug|Any CPU
		{122DF42F-DF28-4C0B-AF8F-F5CBA7551ABE}.Debug|iPhoneSimulator.ActiveCfg = Debug|Any CPU
		{122DF42F-DF28-4C0B-AF8F-F5CBA7551ABE}.Debug|iPhoneSimulator.Build.0 = Debug|Any CPU
		{122DF42F-DF28-4C0B-AF8F-F5CBA7551ABE}.Debug|x86.ActiveCfg = Debug|Any CPU
		{122DF42F-DF28-4C0B-AF8F-F5CBA7551ABE}.Debug|x86.Build.0 = Debug|Any CPU
		{122DF42F-DF28-4C0B-AF8F-F5CBA7551ABE}.Release|Any CPU.ActiveCfg = Debug|Any CPU
		{122DF42F-DF28-4C0B-AF8F-F5CBA7551ABE}.Release|Any CPU.Build.0 = Debug|Any CPU
		{122DF42F-DF28-4C0B-AF8F-F5CBA7551ABE}.Release|iPhone.ActiveCfg = Debug|Any CPU
		{122DF42F-DF28-4C0B-AF8F-F5CBA7551ABE}.Release|iPhone.Build.0 = Debug|Any CPU
		{122DF42F-DF28-4C0B-AF8F-F5CBA7551ABE}.Release|iPhoneSimulator.ActiveCfg = Debug|Any CPU
		{122DF42F-DF28-4C0B-AF8F-F5CBA7551ABE}.Release|iPhoneSimulator.Build.0 = Debug|Any CPU
		{122DF42F-DF28-4C0B-AF8F-F5CBA7551ABE}.Release|x86.ActiveCfg = Debug|Any CPU
		{122DF42F-DF28-4C0B-AF8F-F5CBA7551ABE}.Release|x86.Build.0 = Debug|Any CPU
		{B7F1500B-35E6-4EF9-B28E-41C3C851A773}.Ad-Hoc|Any CPU.ActiveCfg = Release|Any CPU
		{B7F1500B-35E6-4EF9-B28E-41C3C851A773}.Ad-Hoc|Any CPU.Build.0 = Release|Any CPU
		{B7F1500B-35E6-4EF9-B28E-41C3C851A773}.Ad-Hoc|iPhone.ActiveCfg = Release|Any CPU
		{B7F1500B-35E6-4EF9-B28E-41C3C851A773}.Ad-Hoc|iPhone.Build.0 = Release|Any CPU
		{B7F1500B-35E6-4EF9-B28E-41C3C851A773}.Ad-Hoc|iPhoneSimulator.ActiveCfg = Release|Any CPU
		{B7F1500B-35E6-4EF9-B28E-41C3C851A773}.Ad-Hoc|iPhoneSimulator.Build.0 = Release|Any CPU
		{B7F1500B-35E6-4EF9-B28E-41C3C851A773}.Ad-Hoc|x86.ActiveCfg = Release|Any CPU
		{B7F1500B-35E6-4EF9-B28E-41C3C851A773}.Ad-Hoc|x86.Build.0 = Release|Any CPU
		{B7F1500B-35E6-4EF9-B28E-41C3C851A773}.AppStore|Any CPU.ActiveCfg = Release|Any CPU
		{B7F1500B-35E6-4EF9-B28E-41C3C851A773}.AppStore|Any CPU.Build.0 = Release|Any CPU
		{B7F1500B-35E6-4EF9-B28E-41C3C851A773}.AppStore|iPhone.ActiveCfg = Release|Any CPU
		{B7F1500B-35E6-4EF9-B28E-41C3C851A773}.AppStore|iPhone.Build.0 = Release|Any CPU
		{B7F1500B-35E6-4EF9-B28E-41C3C851A773}.AppStore|iPhoneSimulator.ActiveCfg = Release|Any CPU
		{B7F1500B-35E6-4EF9-B28E-41C3C851A773}.AppStore|iPhoneSimulator.Build.0 = Release|Any CPU
		{B7F1500B-35E6-4EF9-B28E-41C3C851A773}.AppStore|x86.ActiveCfg = Release|Any CPU
		{B7F1500B-35E6-4EF9-B28E-41C3C851A773}.AppStore|x86.Build.0 = Release|Any CPU
		{B7F1500B-35E6-4EF9-B28E-41C3C851A773}.Debug|Any CPU.ActiveCfg = Debug|Any CPU
		{B7F1500B-35E6-4EF9-B28E-41C3C851A773}.Debug|Any CPU.Build.0 = Debug|Any CPU
		{B7F1500B-35E6-4EF9-B28E-41C3C851A773}.Debug|iPhone.ActiveCfg = Debug|Any CPU
		{B7F1500B-35E6-4EF9-B28E-41C3C851A773}.Debug|iPhone.Build.0 = Debug|Any CPU
		{B7F1500B-35E6-4EF9-B28E-41C3C851A773}.Debug|iPhoneSimulator.ActiveCfg = Debug|Any CPU
		{B7F1500B-35E6-4EF9-B28E-41C3C851A773}.Debug|iPhoneSimulator.Build.0 = Debug|Any CPU
		{B7F1500B-35E6-4EF9-B28E-41C3C851A773}.Debug|x86.ActiveCfg = Debug|Any CPU
		{B7F1500B-35E6-4EF9-B28E-41C3C851A773}.Debug|x86.Build.0 = Debug|Any CPU
		{B7F1500B-35E6-4EF9-B28E-41C3C851A773}.Release|Any CPU.ActiveCfg = Release|Any CPU
		{B7F1500B-35E6-4EF9-B28E-41C3C851A773}.Release|Any CPU.Build.0 = Release|Any CPU
		{B7F1500B-35E6-4EF9-B28E-41C3C851A773}.Release|iPhone.ActiveCfg = Release|Any CPU
		{B7F1500B-35E6-4EF9-B28E-41C3C851A773}.Release|iPhone.Build.0 = Release|Any CPU
		{B7F1500B-35E6-4EF9-B28E-41C3C851A773}.Release|iPhoneSimulator.ActiveCfg = Release|Any CPU
		{B7F1500B-35E6-4EF9-B28E-41C3C851A773}.Release|iPhoneSimulator.Build.0 = Release|Any CPU
		{B7F1500B-35E6-4EF9-B28E-41C3C851A773}.Release|x86.ActiveCfg = Release|Any CPU
		{B7F1500B-35E6-4EF9-B28E-41C3C851A773}.Release|x86.Build.0 = Release|Any CPU
		{4EF3BAF8-05BD-4100-9E76-1D6E9326E98F}.Ad-Hoc|Any CPU.ActiveCfg = Release|Any CPU
		{4EF3BAF8-05BD-4100-9E76-1D6E9326E98F}.Ad-Hoc|Any CPU.Build.0 = Release|Any CPU
		{4EF3BAF8-05BD-4100-9E76-1D6E9326E98F}.Ad-Hoc|iPhone.ActiveCfg = Release|Any CPU
		{4EF3BAF8-05BD-4100-9E76-1D6E9326E98F}.Ad-Hoc|iPhone.Build.0 = Release|Any CPU
		{4EF3BAF8-05BD-4100-9E76-1D6E9326E98F}.Ad-Hoc|iPhoneSimulator.ActiveCfg = Release|Any CPU
		{4EF3BAF8-05BD-4100-9E76-1D6E9326E98F}.Ad-Hoc|iPhoneSimulator.Build.0 = Release|Any CPU
		{4EF3BAF8-05BD-4100-9E76-1D6E9326E98F}.Ad-Hoc|x86.ActiveCfg = Release|Any CPU
		{4EF3BAF8-05BD-4100-9E76-1D6E9326E98F}.Ad-Hoc|x86.Build.0 = Release|Any CPU
		{4EF3BAF8-05BD-4100-9E76-1D6E9326E98F}.AppStore|Any CPU.ActiveCfg = Release|Any CPU
		{4EF3BAF8-05BD-4100-9E76-1D6E9326E98F}.AppStore|Any CPU.Build.0 = Release|Any CPU
		{4EF3BAF8-05BD-4100-9E76-1D6E9326E98F}.AppStore|iPhone.ActiveCfg = Release|Any CPU
		{4EF3BAF8-05BD-4100-9E76-1D6E9326E98F}.AppStore|iPhone.Build.0 = Release|Any CPU
		{4EF3BAF8-05BD-4100-9E76-1D6E9326E98F}.AppStore|iPhoneSimulator.ActiveCfg = Release|Any CPU
		{4EF3BAF8-05BD-4100-9E76-1D6E9326E98F}.AppStore|iPhoneSimulator.Build.0 = Release|Any CPU
		{4EF3BAF8-05BD-4100-9E76-1D6E9326E98F}.AppStore|x86.ActiveCfg = Release|Any CPU
		{4EF3BAF8-05BD-4100-9E76-1D6E9326E98F}.AppStore|x86.Build.0 = Release|Any CPU
		{4EF3BAF8-05BD-4100-9E76-1D6E9326E98F}.Debug|Any CPU.ActiveCfg = Debug|Any CPU
		{4EF3BAF8-05BD-4100-9E76-1D6E9326E98F}.Debug|Any CPU.Build.0 = Debug|Any CPU
		{4EF3BAF8-05BD-4100-9E76-1D6E9326E98F}.Debug|iPhone.ActiveCfg = Debug|Any CPU
		{4EF3BAF8-05BD-4100-9E76-1D6E9326E98F}.Debug|iPhone.Build.0 = Debug|Any CPU
		{4EF3BAF8-05BD-4100-9E76-1D6E9326E98F}.Debug|iPhoneSimulator.ActiveCfg = Debug|Any CPU
		{4EF3BAF8-05BD-4100-9E76-1D6E9326E98F}.Debug|iPhoneSimulator.Build.0 = Debug|Any CPU
		{4EF3BAF8-05BD-4100-9E76-1D6E9326E98F}.Debug|x86.ActiveCfg = Debug|Any CPU
		{4EF3BAF8-05BD-4100-9E76-1D6E9326E98F}.Debug|x86.Build.0 = Debug|Any CPU
		{4EF3BAF8-05BD-4100-9E76-1D6E9326E98F}.Release|Any CPU.ActiveCfg = Release|Any CPU
		{4EF3BAF8-05BD-4100-9E76-1D6E9326E98F}.Release|Any CPU.Build.0 = Release|Any CPU
		{4EF3BAF8-05BD-4100-9E76-1D6E9326E98F}.Release|iPhone.ActiveCfg = Release|Any CPU
		{4EF3BAF8-05BD-4100-9E76-1D6E9326E98F}.Release|iPhone.Build.0 = Release|Any CPU
		{4EF3BAF8-05BD-4100-9E76-1D6E9326E98F}.Release|iPhoneSimulator.ActiveCfg = Release|Any CPU
		{4EF3BAF8-05BD-4100-9E76-1D6E9326E98F}.Release|iPhoneSimulator.Build.0 = Release|Any CPU
		{4EF3BAF8-05BD-4100-9E76-1D6E9326E98F}.Release|x86.ActiveCfg = Release|Any CPU
		{4EF3BAF8-05BD-4100-9E76-1D6E9326E98F}.Release|x86.Build.0 = Release|Any CPU
		{877D4D64-A729-4DFF-80E4-EF951B57EB33}.Ad-Hoc|Any CPU.ActiveCfg = Release|Any CPU
		{877D4D64-A729-4DFF-80E4-EF951B57EB33}.Ad-Hoc|Any CPU.Build.0 = Release|Any CPU
		{877D4D64-A729-4DFF-80E4-EF951B57EB33}.Ad-Hoc|iPhone.ActiveCfg = Release|Any CPU
		{877D4D64-A729-4DFF-80E4-EF951B57EB33}.Ad-Hoc|iPhone.Build.0 = Release|Any CPU
		{877D4D64-A729-4DFF-80E4-EF951B57EB33}.Ad-Hoc|iPhoneSimulator.ActiveCfg = Release|Any CPU
		{877D4D64-A729-4DFF-80E4-EF951B57EB33}.Ad-Hoc|iPhoneSimulator.Build.0 = Release|Any CPU
		{877D4D64-A729-4DFF-80E4-EF951B57EB33}.Ad-Hoc|x86.ActiveCfg = Release|Any CPU
		{877D4D64-A729-4DFF-80E4-EF951B57EB33}.Ad-Hoc|x86.Build.0 = Release|Any CPU
		{877D4D64-A729-4DFF-80E4-EF951B57EB33}.AppStore|Any CPU.ActiveCfg = Release|Any CPU
		{877D4D64-A729-4DFF-80E4-EF951B57EB33}.AppStore|Any CPU.Build.0 = Release|Any CPU
		{877D4D64-A729-4DFF-80E4-EF951B57EB33}.AppStore|iPhone.ActiveCfg = Release|Any CPU
		{877D4D64-A729-4DFF-80E4-EF951B57EB33}.AppStore|iPhone.Build.0 = Release|Any CPU
		{877D4D64-A729-4DFF-80E4-EF951B57EB33}.AppStore|iPhoneSimulator.ActiveCfg = Release|Any CPU
		{877D4D64-A729-4DFF-80E4-EF951B57EB33}.AppStore|iPhoneSimulator.Build.0 = Release|Any CPU
		{877D4D64-A729-4DFF-80E4-EF951B57EB33}.AppStore|x86.ActiveCfg = Release|Any CPU
		{877D4D64-A729-4DFF-80E4-EF951B57EB33}.AppStore|x86.Build.0 = Release|Any CPU
		{877D4D64-A729-4DFF-80E4-EF951B57EB33}.Debug|Any CPU.ActiveCfg = Debug|Any CPU
		{877D4D64-A729-4DFF-80E4-EF951B57EB33}.Debug|Any CPU.Build.0 = Debug|Any CPU
		{877D4D64-A729-4DFF-80E4-EF951B57EB33}.Debug|iPhone.ActiveCfg = Debug|Any CPU
		{877D4D64-A729-4DFF-80E4-EF951B57EB33}.Debug|iPhone.Build.0 = Debug|Any CPU
		{877D4D64-A729-4DFF-80E4-EF951B57EB33}.Debug|iPhoneSimulator.ActiveCfg = Debug|Any CPU
		{877D4D64-A729-4DFF-80E4-EF951B57EB33}.Debug|iPhoneSimulator.Build.0 = Debug|Any CPU
		{877D4D64-A729-4DFF-80E4-EF951B57EB33}.Debug|x86.ActiveCfg = Debug|Any CPU
		{877D4D64-A729-4DFF-80E4-EF951B57EB33}.Debug|x86.Build.0 = Debug|Any CPU
		{877D4D64-A729-4DFF-80E4-EF951B57EB33}.Release|Any CPU.ActiveCfg = Release|Any CPU
		{877D4D64-A729-4DFF-80E4-EF951B57EB33}.Release|Any CPU.Build.0 = Release|Any CPU
		{877D4D64-A729-4DFF-80E4-EF951B57EB33}.Release|iPhone.ActiveCfg = Release|Any CPU
		{877D4D64-A729-4DFF-80E4-EF951B57EB33}.Release|iPhone.Build.0 = Release|Any CPU
		{877D4D64-A729-4DFF-80E4-EF951B57EB33}.Release|iPhoneSimulator.ActiveCfg = Release|Any CPU
		{877D4D64-A729-4DFF-80E4-EF951B57EB33}.Release|iPhoneSimulator.Build.0 = Release|Any CPU
		{877D4D64-A729-4DFF-80E4-EF951B57EB33}.Release|x86.ActiveCfg = Release|Any CPU
		{877D4D64-A729-4DFF-80E4-EF951B57EB33}.Release|x86.Build.0 = Release|Any CPU
		{DEA0E3F7-3B50-4827-AA55-1405C35F9808}.Ad-Hoc|Any CPU.ActiveCfg = Debug|Any CPU
		{DEA0E3F7-3B50-4827-AA55-1405C35F9808}.Ad-Hoc|Any CPU.Build.0 = Debug|Any CPU
		{DEA0E3F7-3B50-4827-AA55-1405C35F9808}.Ad-Hoc|iPhone.ActiveCfg = Debug|Any CPU
		{DEA0E3F7-3B50-4827-AA55-1405C35F9808}.Ad-Hoc|iPhone.Build.0 = Debug|Any CPU
		{DEA0E3F7-3B50-4827-AA55-1405C35F9808}.Ad-Hoc|iPhoneSimulator.ActiveCfg = Debug|Any CPU
		{DEA0E3F7-3B50-4827-AA55-1405C35F9808}.Ad-Hoc|iPhoneSimulator.Build.0 = Debug|Any CPU
		{DEA0E3F7-3B50-4827-AA55-1405C35F9808}.Ad-Hoc|x86.ActiveCfg = Debug|Any CPU
		{DEA0E3F7-3B50-4827-AA55-1405C35F9808}.Ad-Hoc|x86.Build.0 = Debug|Any CPU
		{DEA0E3F7-3B50-4827-AA55-1405C35F9808}.AppStore|Any CPU.ActiveCfg = Debug|Any CPU
		{DEA0E3F7-3B50-4827-AA55-1405C35F9808}.AppStore|Any CPU.Build.0 = Debug|Any CPU
		{DEA0E3F7-3B50-4827-AA55-1405C35F9808}.AppStore|iPhone.ActiveCfg = Debug|Any CPU
		{DEA0E3F7-3B50-4827-AA55-1405C35F9808}.AppStore|iPhone.Build.0 = Debug|Any CPU
		{DEA0E3F7-3B50-4827-AA55-1405C35F9808}.AppStore|iPhoneSimulator.ActiveCfg = Debug|Any CPU
		{DEA0E3F7-3B50-4827-AA55-1405C35F9808}.AppStore|iPhoneSimulator.Build.0 = Debug|Any CPU
		{DEA0E3F7-3B50-4827-AA55-1405C35F9808}.AppStore|x86.ActiveCfg = Debug|Any CPU
		{DEA0E3F7-3B50-4827-AA55-1405C35F9808}.AppStore|x86.Build.0 = Debug|Any CPU
		{DEA0E3F7-3B50-4827-AA55-1405C35F9808}.Debug|Any CPU.ActiveCfg = Debug|Any CPU
		{DEA0E3F7-3B50-4827-AA55-1405C35F9808}.Debug|Any CPU.Build.0 = Debug|Any CPU
		{DEA0E3F7-3B50-4827-AA55-1405C35F9808}.Debug|iPhone.ActiveCfg = Debug|Any CPU
		{DEA0E3F7-3B50-4827-AA55-1405C35F9808}.Debug|iPhone.Build.0 = Debug|Any CPU
		{DEA0E3F7-3B50-4827-AA55-1405C35F9808}.Debug|iPhoneSimulator.ActiveCfg = Debug|Any CPU
		{DEA0E3F7-3B50-4827-AA55-1405C35F9808}.Debug|iPhoneSimulator.Build.0 = Debug|Any CPU
		{DEA0E3F7-3B50-4827-AA55-1405C35F9808}.Debug|x86.ActiveCfg = Debug|Any CPU
		{DEA0E3F7-3B50-4827-AA55-1405C35F9808}.Debug|x86.Build.0 = Debug|Any CPU
		{DEA0E3F7-3B50-4827-AA55-1405C35F9808}.Release|Any CPU.ActiveCfg = Debug|Any CPU
		{DEA0E3F7-3B50-4827-AA55-1405C35F9808}.Release|Any CPU.Build.0 = Debug|Any CPU
		{DEA0E3F7-3B50-4827-AA55-1405C35F9808}.Release|iPhone.ActiveCfg = Debug|Any CPU
		{DEA0E3F7-3B50-4827-AA55-1405C35F9808}.Release|iPhone.Build.0 = Debug|Any CPU
		{DEA0E3F7-3B50-4827-AA55-1405C35F9808}.Release|iPhoneSimulator.ActiveCfg = Debug|Any CPU
		{DEA0E3F7-3B50-4827-AA55-1405C35F9808}.Release|iPhoneSimulator.Build.0 = Debug|Any CPU
		{DEA0E3F7-3B50-4827-AA55-1405C35F9808}.Release|x86.ActiveCfg = Debug|Any CPU
		{DEA0E3F7-3B50-4827-AA55-1405C35F9808}.Release|x86.Build.0 = Debug|Any CPU
	EndGlobalSection
	GlobalSection(SolutionProperties) = preSolution
		HideSolutionNode = FALSE
	EndGlobalSection
	GlobalSection(NestedProjects) = preSolution
		{811A76CF-1CF6-440F-963B-BBE31BD72A82} = {F18461C1-B7BE-4F69-B1B9-35E00C6841D0}
		{3E908F67-5543-4879-A1DC-08EACE79B3CD} = {F18461C1-B7BE-4F69-B1B9-35E00C6841D0}
		{EC42600F-049B-43FF-AED1-8314D61B2749} = {179736E3-252C-417D-9DC0-8FF07BD30DD3}
		{D2221C82-4A25-4583-9B43-D791E3F6820C} = {F18461C1-B7BE-4F69-B1B9-35E00C6841D0}
		{3E10A5FA-E8DA-48B1-AD44-6A5B6CB7750F} = {F18461C1-B7BE-4F69-B1B9-35E00C6841D0}
		{E4D9629C-F168-4224-3F51-A5E482FFBC42} = {A689DEF5-D50F-4975-8B72-124C9EB54066}
		{3C4C0CB4-0C0F-4450-A37B-148C84FF905F} = {A689DEF5-D50F-4975-8B72-124C9EB54066}
		{B61B66A3-B82D-4875-8001-89D3394FE0C9} = {8B83FE3C-A172-4FA1-AEEA-1A49C46A2F52}
		{122DF42F-DF28-4C0B-AF8F-F5CBA7551ABE} = {F18461C1-B7BE-4F69-B1B9-35E00C6841D0}
		{B7F1500B-35E6-4EF9-B28E-41C3C851A773} = {8B83FE3C-A172-4FA1-AEEA-1A49C46A2F52}
		{4EF3BAF8-05BD-4100-9E76-1D6E9326E98F} = {F18461C1-B7BE-4F69-B1B9-35E00C6841D0}
		{877D4D64-A729-4DFF-80E4-EF951B57EB33} = {8B83FE3C-A172-4FA1-AEEA-1A49C46A2F52}
		{DEA0E3F7-3B50-4827-AA55-1405C35F9808} = {F18461C1-B7BE-4F69-B1B9-35E00C6841D0}
	EndGlobalSection
EndGlobal
